[[tools.helix]]
version = "25.07.1"
backend = "aqua:helix-editor/helix"

[[tools."pipx:pytest"]]
version = "9.0.1"
backend = "pipx:pytest"

[[tools."pipx:ruff"]]
version = "0.14.10"
backend = "pipx:ruff"

[[tools."pipx:ty"]]
version = "0.0.8"
backend = "pipx:ty"

[[tools.ruff]]
version = "0.14.10"
backend = "aqua:astral-sh/ruff"

[[tools.sqlite]]
version = "3.51.1"
backend = "asdf:sqlite"

[[tools.ty]]
version = "0.0.10"
backend = "github:astral-sh/ty"
"platforms.macos-arm64" = { checksum = "sha256:5c256844da0401534908535d3c744ffb28db823e2e21ebc2aa45fa4b0599f6f5", url = "https://github.com/astral-sh/ty/releases/download/0.0.10/ty-aarch64-apple-darwin.tar.gz", url_api = "https://api.github.com/repos/astral-sh/ty/releases/assets/337612187"}

[[tools.uv]]
version = "0.9.22"
backend = "aqua:astral-sh/uv"
"platforms.macos-arm64" = { checksum = "sha256:4bfc6dacc9bcc9e433a9214a658495ca082b94fd607949b6745a955f34ccbc3c", url = "https://github.com/astral-sh/uv/releases/download/0.9.22/uv-aarch64-apple-darwin.tar.gz"}
